
Microsoft Visual Studio Solution File, Format Version 12.00
# Visual Studio 2013
VisualStudioVersion = 12.0.31101.0
MinimumVisualStudioVersion = 10.0.40219.1
Project("{FAE04EC0-301F-11D3-BF4B-00C04F79EFBC}") = "nieruchomości", "nieruchomości\nieruchomości.csproj", "{910CEAF5-658D-4461-8441-8CECC473FE6C}"
EndProject
Project("{FAE04EC0-301F-11D3-BF4B-00C04F79EFBC}") = "Models", "Models\Models.csproj", "{1A8F9E21-55AF-4E04-AE24-0D567D26207A}"
EndProject
Project("{FAE04EC0-301F-11D3-BF4B-00C04F79EFBC}") = "Services", "Services\Services.csproj", "{BF0864D6-8E70-482F-B65E-778F57B168C6}"
EndProject
Project("{FAE04EC0-301F-11D3-BF4B-00C04F79EFBC}") = "Context", "Context\Context.csproj", "{8459F37F-EFB8-4806-BEB3-3C1601301F2C}"
EndProject
Project("{FAE04EC0-301F-11D3-BF4B-00C04F79EFBC}") = "UnitTests", "UnitTests\UnitTests.csproj", "{BC20E9B2-16E2-439E-A575-5ADE112918A2}"
EndProject
Global
	GlobalSection(SolutionConfigurationPlatforms) = preSolution
		Debug|Any CPU = Debug|Any CPU
		Debug|ARM = Debug|ARM
		Debug|x64 = Debug|x64
		Debug|x86 = Debug|x86
		Release|Any CPU = Release|Any CPU
		Release|ARM = Release|ARM
		Release|x64 = Release|x64
		Release|x86 = Release|x86
	EndGlobalSection
	GlobalSection(ProjectConfigurationPlatforms) = postSolution
		{910CEAF5-658D-4461-8441-8CECC473FE6C}.Debug|Any CPU.ActiveCfg = Debug|Any CPU
		{910CEAF5-658D-4461-8441-8CECC473FE6C}.Debug|Any CPU.Build.0 = Debug|Any CPU
		{910CEAF5-658D-4461-8441-8CECC473FE6C}.Debug|ARM.ActiveCfg = Debug|Any CPU
		{910CEAF5-658D-4461-8441-8CECC473FE6C}.Debug|x64.ActiveCfg = Debug|Any CPU
		{910CEAF5-658D-4461-8441-8CECC473FE6C}.Debug|x86.ActiveCfg = Debug|Any CPU
		{910CEAF5-658D-4461-8441-8CECC473FE6C}.Release|Any CPU.ActiveCfg = Release|Any CPU
		{910CEAF5-658D-4461-8441-8CECC473FE6C}.Release|Any CPU.Build.0 = Release|Any CPU
		{910CEAF5-658D-4461-8441-8CECC473FE6C}.Release|ARM.ActiveCfg = Release|Any CPU
		{910CEAF5-658D-4461-8441-8CECC473FE6C}.Release|x64.ActiveCfg = Release|Any CPU
		{910CEAF5-658D-4461-8441-8CECC473FE6C}.Release|x86.ActiveCfg = Release|Any CPU
		{1A8F9E21-55AF-4E04-AE24-0D567D26207A}.Debug|Any CPU.ActiveCfg = Debug|Any CPU
		{1A8F9E21-55AF-4E04-AE24-0D567D26207A}.Debug|Any CPU.Build.0 = Debug|Any CPU
		{1A8F9E21-55AF-4E04-AE24-0D567D26207A}.Debug|ARM.ActiveCfg = Debug|Any CPU
		{1A8F9E21-55AF-4E04-AE24-0D567D26207A}.Debug|x64.ActiveCfg = Debug|Any CPU
		{1A8F9E21-55AF-4E04-AE24-0D567D26207A}.Debug|x86.ActiveCfg = Debug|Any CPU
		{1A8F9E21-55AF-4E04-AE24-0D567D26207A}.Release|Any CPU.ActiveCfg = Release|Any CPU
		{1A8F9E21-55AF-4E04-AE24-0D567D26207A}.Release|Any CPU.Build.0 = Release|Any CPU
		{1A8F9E21-55AF-4E04-AE24-0D567D26207A}.Release|ARM.ActiveCfg = Release|Any CPU
		{1A8F9E21-55AF-4E04-AE24-0D567D26207A}.Release|x64.ActiveCfg = Release|Any CPU
		{1A8F9E21-55AF-4E04-AE24-0D567D26207A}.Release|x86.ActiveCfg = Release|Any CPU
		{BF0864D6-8E70-482F-B65E-778F57B168C6}.Debug|Any CPU.ActiveCfg = Debug|Any CPU
		{BF0864D6-8E70-482F-B65E-778F57B168C6}.Debug|Any CPU.Build.0 = Debug|Any CPU
		{BF0864D6-8E70-482F-B65E-778F57B168C6}.Debug|ARM.ActiveCfg = Debug|Any CPU
		{BF0864D6-8E70-482F-B65E-778F57B168C6}.Debug|x64.ActiveCfg = Debug|Any CPU
		{BF0864D6-8E70-482F-B65E-778F57B168C6}.Debug|x86.ActiveCfg = Debug|Any CPU
		{BF0864D6-8E70-482F-B65E-778F57B168C6}.Release|Any CPU.ActiveCfg = Release|Any CPU
		{BF0864D6-8E70-482F-B65E-778F57B168C6}.Release|Any CPU.Build.0 = Release|Any CPU
		{BF0864D6-8E70-482F-B65E-778F57B168C6}.Release|ARM.ActiveCfg = Release|Any CPU
		{BF0864D6-8E70-482F-B65E-778F57B168C6}.Release|x64.ActiveCfg = Release|Any CPU
		{BF0864D6-8E70-482F-B65E-778F57B168C6}.Release|x86.ActiveCfg = Release|Any CPU
		{8459F37F-EFB8-4806-BEB3-3C1601301F2C}.Debug|Any CPU.ActiveCfg = Debug|Any CPU
		{8459F37F-EFB8-4806-BEB3-3C1601301F2C}.Debug|Any CPU.Build.0 = Debug|Any CPU
		{8459F37F-EFB8-4806-BEB3-3C1601301F2C}.Debug|ARM.ActiveCfg = Debug|Any CPU
		{8459F37F-EFB8-4806-BEB3-3C1601301F2C}.Debug|x64.ActiveCfg = Debug|Any CPU
		{8459F37F-EFB8-4806-BEB3-3C1601301F2C}.Debug|x86.ActiveCfg = Debug|Any CPU
		{8459F37F-EFB8-4806-BEB3-3C1601301F2C}.Release|Any CPU.ActiveCfg = Release|Any CPU
		{8459F37F-EFB8-4806-BEB3-3C1601301F2C}.Release|Any CPU.Build.0 = Release|Any CPU
		{8459F37F-EFB8-4806-BEB3-3C1601301F2C}.Release|ARM.ActiveCfg = Release|Any CPU
		{8459F37F-EFB8-4806-BEB3-3C1601301F2C}.Release|x64.ActiveCfg = Release|Any CPU
		{8459F37F-EFB8-4806-BEB3-3C1601301F2C}.Release|x86.ActiveCfg = Release|Any CPU
		{BC20E9B2-16E2-439E-A575-5ADE112918A2}.Debug|Any CPU.ActiveCfg = Debug|Any CPU
		{BC20E9B2-16E2-439E-A575-5ADE112918A2}.Debug|Any CPU.Build.0 = Debug|Any CPU
		{BC20E9B2-16E2-439E-A575-5ADE112918A2}.Debug|ARM.ActiveCfg = Debug|Any CPU
		{BC20E9B2-16E2-439E-A575-5ADE112918A2}.Debug|x64.ActiveCfg = Debug|Any CPU
		{BC20E9B2-16E2-439E-A575-5ADE112918A2}.Debug|x86.ActiveCfg = Debug|Any CPU
		{BC20E9B2-16E2-439E-A575-5ADE112918A2}.Release|Any CPU.ActiveCfg = Release|Any CPU
		{BC20E9B2-16E2-439E-A575-5ADE112918A2}.Release|Any CPU.Build.0 = Release|Any CPU
		{BC20E9B2-16E2-439E-A575-5ADE112918A2}.Release|ARM.ActiveCfg = Release|Any CPU
		{BC20E9B2-16E2-439E-A575-5ADE112918A2}.Release|x64.ActiveCfg = Release|Any CPU
		{BC20E9B2-16E2-439E-A575-5ADE112918A2}.Release|x86.ActiveCfg = Release|Any CPU
	EndGlobalSection
	GlobalSection(SolutionProperties) = preSolution
		HideSolutionNode = FALSE
	EndGlobalSection
EndGlobal
